// !$*UTF8*$!
{
	archiveVersion = 1;
	classes = {
	};
	objectVersion = 56;
	objects = {

/* Begin PBXBuildFile section */
		ED623AA32A6E7FF7001D4CE9 /* AppDelegate.swift in Sources */ = {isa = PBXBuildFile; fileRef = ED623AA22A6E7FF7001D4CE9 /* AppDelegate.swift */; };
		ED623AA52A6E7FF7001D4CE9 /* SceneDelegate.swift in Sources */ = {isa = PBXBuildFile; fileRef = ED623AA42A6E7FF7001D4CE9 /* SceneDelegate.swift */; };
		ED623AA72A6E7FF7001D4CE9 /* ViewController.swift in Sources */ = {isa = PBXBuildFile; fileRef = ED623AA62A6E7FF7001D4CE9 /* ViewController.swift */; };
		ED623AAA2A6E7FF7001D4CE9 /* Main.storyboard in Resources */ = {isa = PBXBuildFile; fileRef = ED623AA82A6E7FF7001D4CE9 /* Main.storyboard */; };
		ED623AAC2A6E7FF9001D4CE9 /* Assets.xcassets in Resources */ = {isa = PBXBuildFile; fileRef = ED623AAB2A6E7FF9001D4CE9 /* Assets.xcassets */; };
		ED623AAF2A6E7FF9001D4CE9 /* LaunchScreen.storyboard in Resources */ = {isa = PBXBuildFile; fileRef = ED623AAD2A6E7FF9001D4CE9 /* LaunchScreen.storyboard */; };
		ED623ABC2A6E8558001D4CE9 /* SpringAnimation in Frameworks */ = {isa = PBXBuildFile; productRef = ED623ABB2A6E8558001D4CE9 /* SpringAnimation */; };
		ED623ABF2A6E8C46001D4CE9 /* modelSpringAnimation.swift in Sources */ = {isa = PBXBuildFile; fileRef = ED623ABE2A6E8C46001D4CE9 /* modelSpringAnimation.swift */; };
		ED623AEC2A79851D001D4CE9 /* DataManager.swift in Sources */ = {isa = PBXBuildFile; fileRef = ED623AEB2A79851D001D4CE9 /* DataManager.swift */; };
/* End PBXBuildFile section */

/* Begin PBXFileReference section */
		ED623A9F2A6E7FF7001D4CE9 /* homeWorkSpringAnimation.app */ = {isa = PBXFileReference; explicitFileType = wrapper.application; includeInIndex = 0; path = homeWorkSpringAnimation.app; sourceTree = BUILT_PRODUCTS_DIR; };
		ED623AA22A6E7FF7001D4CE9 /* AppDelegate.swift */ = {isa = PBXFileReference; lastKnownFileType = sourcecode.swift; path = AppDelegate.swift; sourceTree = "<group>"; };
		ED623AA42A6E7FF7001D4CE9 /* SceneDelegate.swift */ = {isa = PBXFileReference; lastKnownFileType = sourcecode.swift; path = SceneDelegate.swift; sourceTree = "<group>"; };
		ED623AA62A6E7FF7001D4CE9 /* ViewController.swift */ = {isa = PBXFileReference; lastKnownFileType = sourcecode.swift; path = ViewController.swift; sourceTree = "<group>"; };
		ED623AA92A6E7FF7001D4CE9 /* Base */ = {isa = PBXFileReference; lastKnownFileType = file.storyboard; name = Base; path = Base.lproj/Main.storyboard; sourceTree = "<group>"; };
		ED623AAB2A6E7FF9001D4CE9 /* Assets.xcassets */ = {isa = PBXFileReference; lastKnownFileType = folder.assetcatalog; path = Assets.xcassets; sourceTree = "<group>"; };
		ED623AAE2A6E7FF9001D4CE9 /* Base */ = {isa = PBXFileReference; lastKnownFileType = file.storyboard; name = Base; path = Base.lproj/LaunchScreen.storyboard; sourceTree = "<group>"; };
		ED623AB02A6E7FF9001D4CE9 /* Info.plist */ = {isa = PBXFileReference; lastKnownFileType = text.plist.xml; path = Info.plist; sourceTree = "<group>"; };
		ED623ABE2A6E8C46001D4CE9 /* modelSpringAnimation.swift */ = {isa = PBXFileReference; lastKnownFileType = sourcecode.swift; path = modelSpringAnimation.swift; sourceTree = "<group>"; };
		ED623AEB2A79851D001D4CE9 /* DataManager.swift */ = {isa = PBXFileReference; lastKnownFileType = sourcecode.swift; path = DataManager.swift; sourceTree = "<group>"; };
/* End PBXFileReference section */

/* Begin PBXFrameworksBuildPhase section */
		ED623A9C2A6E7FF7001D4CE9 /* Frameworks */ = {
			isa = PBXFrameworksBuildPhase;
			buildActionMask = 2147483647;
			files = (
				ED623ABC2A6E8558001D4CE9 /* SpringAnimation in Frameworks */,
			);
			runOnlyForDeploymentPostprocessing = 0;
		};
/* End PBXFrameworksBuildPhase section */

/* Begin PBXGroup section */
		ED623A962A6E7FF7001D4CE9 = {
			isa = PBXGroup;
			children = (
				ED623AA12A6E7FF7001D4CE9 /* homeWorkSpringAnimation */,
				ED623AA02A6E7FF7001D4CE9 /* Products */,
			);
			sourceTree = "<group>";
		};
		ED623AA02A6E7FF7001D4CE9 /* Products */ = {
			isa = PBXGroup;
			children = (
				ED623A9F2A6E7FF7001D4CE9 /* homeWorkSpringAnimation.app */,
			);
			name = Products;
			sourceTree = "<group>";
		};
		ED623AA12A6E7FF7001D4CE9 /* homeWorkSpringAnimation */ = {
			isa = PBXGroup;
			children = (
				ED623AB62A6E8023001D4CE9 /* App */,
				ED623AB82A6E803E001D4CE9 /* ViewControllers */,
				ED623ABD2A6E8C10001D4CE9 /* Model */,
				ED623AB92A6E8052001D4CE9 /* StoryBoards */,
				ED623AEA2A7984BE001D4CE9 /* Servises */,
				ED623AB72A6E802F001D4CE9 /* Resurses */,
			);
			path = homeWorkSpringAnimation;
			sourceTree = "<group>";
		};
		ED623AB62A6E8023001D4CE9 /* App */ = {
			isa = PBXGroup;
			children = (
				ED623AA22A6E7FF7001D4CE9 /* AppDelegate.swift */,
				ED623AA42A6E7FF7001D4CE9 /* SceneDelegate.swift */,
				ED623AB02A6E7FF9001D4CE9 /* Info.plist */,
			);
			path = App;
			sourceTree = "<group>";
		};
		ED623AB72A6E802F001D4CE9 /* Resurses */ = {
			isa = PBXGroup;
			children = (
				ED623AAB2A6E7FF9001D4CE9 /* Assets.xcassets */,
			);
			path = Resurses;
			sourceTree = "<group>";
		};
		ED623AB82A6E803E001D4CE9 /* ViewControllers */ = {
			isa = PBXGroup;
			children = (
				ED623AA62A6E7FF7001D4CE9 /* ViewController.swift */,
			);
			path = ViewControllers;
			sourceTree = "<group>";
		};
		ED623AB92A6E8052001D4CE9 /* StoryBoards */ = {
			isa = PBXGroup;
			children = (
				ED623AA82A6E7FF7001D4CE9 /* Main.storyboard */,
				ED623AAD2A6E7FF9001D4CE9 /* LaunchScreen.storyboard */,
			);
			path = StoryBoards;
			sourceTree = "<group>";
		};
		ED623ABD2A6E8C10001D4CE9 /* Model */ = {
			isa = PBXGroup;
			children = (
				ED623ABE2A6E8C46001D4CE9 /* modelSpringAnimation.swift */,
			);
			path = Model;
			sourceTree = "<group>";
		};
		ED623AEA2A7984BE001D4CE9 /* Servises */ = {
			isa = PBXGroup;
			children = (
				ED623AEB2A79851D001D4CE9 /* DataManager.swift */,
			);
			path = Servises;
			sourceTree = "<group>";
		};
/* End PBXGroup section */

/* Begin PBXNativeTarget section */
		ED623A9E2A6E7FF7001D4CE9 /* homeWorkSpringAnimation */ = {
			isa = PBXNativeTarget;
			buildConfigurationList = ED623AB32A6E7FF9001D4CE9 /* Build configuration list for PBXNativeTarget "homeWorkSpringAnimation" */;
			buildPhases = (
				ED623A9B2A6E7FF7001D4CE9 /* Sources */,
				ED623A9C2A6E7FF7001D4CE9 /* Frameworks */,
				ED623A9D2A6E7FF7001D4CE9 /* Resources */,
			);
			buildRules = (
			);
			dependencies = (
			);
			name = homeWorkSpringAnimation;
			packageProductDependencies = (
				ED623ABB2A6E8558001D4CE9 /* SpringAnimation */,
			);
			productName = homeWorkSpringAnimation;
			productReference = ED623A9F2A6E7FF7001D4CE9 /* homeWorkSpringAnimation.app */;
			productType = "com.apple.product-type.application";
		};
/* End PBXNativeTarget section */

/* Begin PBXProject section */
		ED623A972A6E7FF7001D4CE9 /* Project object */ = {
			isa = PBXProject;
			attributes = {
				BuildIndependentTargetsInParallel = 1;
				LastSwiftUpdateCheck = 1430;
				LastUpgradeCheck = 1430;
				TargetAttributes = {
					ED623A9E2A6E7FF7001D4CE9 = {
						CreatedOnToolsVersion = 14.3;
					};
				};
			};
			buildConfigurationList = ED623A9A2A6E7FF7001D4CE9 /* Build configuration list for PBXProject "homeWorkSpringAnimation" */;
			compatibilityVersion = "Xcode 14.0";
			developmentRegion = en;
			hasScannedForEncodings = 0;
			knownRegions = (
				en,
				Base,
			);
			mainGroup = ED623A962A6E7FF7001D4CE9;
			packageReferences = (
				ED623ABA2A6E8558001D4CE9 /* XCRemoteSwiftPackageReference "SpringAnimation" */,
			);
			productRefGroup = ED623AA02A6E7FF7001D4CE9 /* Products */;
			projectDirPath = "";
			projectRoot = "";
			targets = (
				ED623A9E2A6E7FF7001D4CE9 /* homeWorkSpringAnimation */,
			);
		};
/* End PBXProject section */

/* Begin PBXResourcesBuildPhase section */
		ED623A9D2A6E7FF7001D4CE9 /* Resources */ = {
			isa = PBXResourcesBuildPhase;
			buildActionMask = 2147483647;
			files = (
				ED623AAF2A6E7FF9001D4CE9 /* LaunchScreen.storyboard in Resources */,
				ED623AAC2A6E7FF9001D4CE9 /* Assets.xcassets in Resources */,
				ED623AAA2A6E7FF7001D4CE9 /* Main.storyboard in Resources */,
			);
			runOnlyForDeploymentPostprocessing = 0;
		};
/* End PBXResourcesBuildPhase section */

/* Begin PBXSourcesBuildPhase section */
		ED623A9B2A6E7FF7001D4CE9 /* Sources */ = {
			isa = PBXSourcesBuildPhase;
			buildActionMask = 2147483647;
			files = (
				ED623AA72A6E7FF7001D4CE9 /* ViewController.swift in Sources */,
				ED623AEC2A79851D001D4CE9 /* DataManager.swift in Sources */,
				ED623ABF2A6E8C46001D4CE9 /* modelSpringAnimation.swift in Sources */,
				ED623AA32A6E7FF7001D4CE9 /* AppDelegate.swift in Sources */,
				ED623AA52A6E7FF7001D4CE9 /* SceneDelegate.swift in Sources */,
			);
			runOnlyForDeploymentPostprocessing = 0;
		};
/* End PBXSourcesBuildPhase section */

/* Begin PBXVariantGroup section */
		ED623AA82A6E7FF7001D4CE9 /* Main.storyboard */ = {
			isa = PBXVariantGroup;
			children = (
				ED623AA92A6E7FF7001D4CE9 /* Base */,
			);
			name = Main.storyboard;
			sourceTree = "<group>";
		};
		ED623AAD2A6E7FF9001D4CE9 /* LaunchScreen.storyboard */ = {
			isa = PBXVariantGroup;
			children = (
				ED623AAE2A6E7FF9001D4CE9 /* Base */,
			);
			name = LaunchScreen.storyboard;
			sourceTree = "<group>";
		};
/* End PBXVariantGroup section */

/* Begin XCBuildConfiguration section */
		ED623AB12A6E7FF9001D4CE9 /* Debug */ = {
			isa = XCBuildConfiguration;
			buildSettings = {
				ALWAYS_SEARCH_USER_PATHS = NO;
				CLANG_ANALYZER_NONNULL = YES;
				CLANG_ANALYZER_NUMBER_OBJECT_CONVERSION = YES_AGGRESSIVE;
				CLANG_CXX_LANGUAGE_STANDARD = "gnu++20";
				CLANG_ENABLE_MODULES = YES;
				CLANG_ENABLE_OBJC_ARC = YES;
				CLANG_ENABLE_OBJC_WEAK = YES;
				CLANG_WARN_BLOCK_CAPTURE_AUTORELEASING = YES;
				CLANG_WARN_BOOL_CONVERSION = YES;
				CLANG_WARN_COMMA = YES;
				CLANG_WARN_CONSTANT_CONVERSION = YES;
				CLANG_WARN_DEPRECATED_OBJC_IMPLEMENTATIONS = YES;
				CLANG_WARN_DIRECT_OBJC_ISA_USAGE = YES_ERROR;
				CLANG_WARN_DOCUMENTATION_COMMENTS = YES;
				CLANG_WARN_EMPTY_BODY = YES;
				CLANG_WARN_ENUM_CONVERSION = YES;
				CLANG_WARN_INFINITE_RECURSION = YES;
				CLANG_WARN_INT_CONVERSION = YES;
				CLANG_WARN_NON_LITERAL_NULL_CONVERSION = YES;
				CLANG_WARN_OBJC_IMPLICIT_RETAIN_SELF = YES;
				CLANG_WARN_OBJC_LITERAL_CONVERSION = YES;
				CLANG_WARN_OBJC_ROOT_CLASS = YES_ERROR;
				CLANG_WARN_QUOTED_INCLUDE_IN_FRAMEWORK_HEADER = YES;
				CLANG_WARN_RANGE_LOOP_ANALYSIS = YES;
				CLANG_WARN_STRICT_PROTOTYPES = YES;
				CLANG_WARN_SUSPICIOUS_MOVE = YES;
				CLANG_WARN_UNGUARDED_AVAILABILITY = YES_AGGRESSIVE;
				CLANG_WARN_UNREACHABLE_CODE = YES;
				CLANG_WARN__DUPLICATE_METHOD_MATCH = YES;
				COPY_PHASE_STRIP = NO;
				DEBUG_INFORMATION_FORMAT = dwarf;
				ENABLE_STRICT_OBJC_MSGSEND = YES;
				ENABLE_TESTABILITY = YES;
				GCC_C_LANGUAGE_STANDARD = gnu11;
				GCC_DYNAMIC_NO_PIC = NO;
				GCC_NO_COMMON_BLOCKS = YES;
				GCC_OPTIMIZATION_LEVEL = 0;
				GCC_PREPROCESSOR_DEFINITIONS = (
					"DEBUG=1",
					"$(inherited)",
				);
				GCC_WARN_64_TO_32_BIT_CONVERSION = YES;
				GCC_WARN_ABOUT_RETURN_TYPE = YES_ERROR;
				GCC_WARN_UNDECLARED_SELECTOR = YES;
				GCC_WARN_UNINITIALIZED_AUTOS = YES_AGGRESSIVE;
				GCC_WARN_UNUSED_FUNCTION = YES;
				GCC_WARN_UNUSED_VARIABLE = YES;
				IPHONEOS_DEPLOYMENT_TARGET = 16.4;
				MTL_ENABLE_DEBUG_INFO = INCLUDE_SOURCE;
				MTL_FAST_MATH = YES;
				ONLY_ACTIVE_ARCH = YES;
				SDKROOT = iphoneos;
				SWIFT_ACTIVE_COMPILATION_CONDITIONS = DEBUG;
				SWIFT_OPTIMIZATION_LEVEL = "-Onone";
			};
			name = Debug;
		};
		ED623AB22A6E7FF9001D4CE9 /* Release */ = {
			isa = XCBuildConfiguration;
			buildSettings = {
				ALWAYS_SEARCH_USER_PATHS = NO;
				CLANG_ANALYZER_NONNULL = YES;
				CLANG_ANALYZER_NUMBER_OBJECT_CONVERSION = YES_AGGRESSIVE;
				CLANG_CXX_LANGUAGE_STANDARD = "gnu++20";
				CLANG_ENABLE_MODULES = YES;
				CLANG_ENABLE_OBJC_ARC = YES;
				CLANG_ENABLE_OBJC_WEAK = YES;
				CLANG_WARN_BLOCK_CAPTURE_AUTORELEASING = YES;
				CLANG_WARN_BOOL_CONVERSION = YES;
				CLANG_WARN_COMMA = YES;
				CLANG_WARN_CONSTANT_CONVERSION = YES;
				CLANG_WARN_DEPRECATED_OBJC_IMPLEMENTATIONS = YES;
				CLANG_WARN_DIRECT_OBJC_ISA_USAGE = YES_ERROR;
				CLANG_WARN_DOCUMENTATION_COMMENTS = YES;
				CLANG_WARN_EMPTY_BODY = YES;
				CLANG_WARN_ENUM_CONVERSION = YES;
				CLANG_WARN_INFINITE_RECURSION = YES;
				CLANG_WARN_INT_CONVERSION = YES;
				CLANG_WARN_NON_LITERAL_NULL_CONVERSION = YES;
				CLANG_WARN_OBJC_IMPLICIT_RETAIN_SELF = YES;
				CLANG_WARN_OBJC_LITERAL_CONVERSION = YES;
				CLANG_WARN_OBJC_ROOT_CLASS = YES_ERROR;
				CLANG_WARN_QUOTED_INCLUDE_IN_FRAMEWORK_HEADER = YES;
				CLANG_WARN_RANGE_LOOP_ANALYSIS = YES;
				CLANG_WARN_STRICT_PROTOTYPES = YES;
				CLANG_WARN_SUSPICIOUS_MOVE = YES;
				CLANG_WARN_UNGUARDED_AVAILABILITY = YES_AGGRESSIVE;
				CLANG_WARN_UNREACHABLE_CODE = YES;
				CLANG_WARN__DUPLICATE_METHOD_MATCH = YES;
				COPY_PHASE_STRIP = NO;
				DEBUG_INFORMATION_FORMAT = "dwarf-with-dsym";
				ENABLE_NS_ASSERTIONS = NO;
				ENABLE_STRICT_OBJC_MSGSEND = YES;
				GCC_C_LANGUAGE_STANDARD = gnu11;
				GCC_NO_COMMON_BLOCKS = YES;
				GCC_WARN_64_TO_32_BIT_CONVERSION = YES;
				GCC_WARN_ABOUT_RETURN_TYPE = YES_ERROR;
				GCC_WARN_UNDECLARED_SELECTOR = YES;
				GCC_WARN_UNINITIALIZED_AUTOS = YES_AGGRESSIVE;
				GCC_WARN_UNUSED_FUNCTION = YES;
				GCC_WARN_UNUSED_VARIABLE = YES;
				IPHONEOS_DEPLOYMENT_TARGET = 16.4;
				MTL_ENABLE_DEBUG_INFO = NO;
				MTL_FAST_MATH = YES;
				SDKROOT = iphoneos;
				SWIFT_COMPILATION_MODE = wholemodule;
				SWIFT_OPTIMIZATION_LEVEL = "-O";
				VALIDATE_PRODUCT = YES;
			};
			name = Release;
		};
		ED623AB42A6E7FF9001D4CE9 /* Debug */ = {
			isa = XCBuildConfiguration;
			buildSettings = {
				ASSETCATALOG_COMPILER_APPICON_NAME = AppIcon;
				ASSETCATALOG_COMPILER_GLOBAL_ACCENT_COLOR_NAME = AccentColor;
				CODE_SIGN_STYLE = Automatic;
				CURRENT_PROJECT_VERSION = 1;
				DEVELOPMENT_TEAM = B4D33S9Y62;
				GENERATE_INFOPLIST_FILE = YES;
				INFOPLIST_FILE = homeWorkSpringAnimation/App/Info.plist;
				INFOPLIST_KEY_UIApplicationSupportsIndirectInputEvents = YES;
				INFOPLIST_KEY_UILaunchStoryboardName = LaunchScreen;
				INFOPLIST_KEY_UIMainStoryboardFile = Main;
				INFOPLIST_KEY_UISupportedInterfaceOrientations_iPad = "UIInterfaceOrientationPortrait UIInterfaceOrientationPortraitUpsideDown UIInterfaceOrientationLandscapeLeft UIInterfaceOrientationLandscapeRight";
				INFOPLIST_KEY_UISupportedInterfaceOrientations_iPhone = "UIInterfaceOrientationPortrait UIInterfaceOrientationLandscapeLeft UIInterfaceOrientationLandscapeRight";
				LD_RUNPATH_SEARCH_PATHS = (
					"$(inherited)",
					"@executable_path/Frameworks",
				);
				MARKETING_VERSION = 1.0;
				PRODUCT_BUNDLE_IDENTIFIER = openYourMind.homeWorkSpringAnimation;
				PRODUCT_NAME = "$(TARGET_NAME)";
				SWIFT_EMIT_LOC_STRINGS = YES;
				SWIFT_VERSION = 5.0;
				TARGETED_DEVICE_FAMILY = "1,2";
			};
			name = Debug;
		};
		ED623AB52A6E7FF9001D4CE9 /* Release */ = {
			isa = XCBuildConfiguration;
			buildSettings = {
				ASSETCATALOG_COMPILER_APPICON_NAME = AppIcon;
				ASSETCATALOG_COMPILER_GLOBAL_ACCENT_COLOR_NAME = AccentColor;
				CODE_SIGN_STYLE = Automatic;
				CURRENT_PROJECT_VERSION = 1;
				DEVELOPMENT_TEAM = B4D33S9Y62;
				GENERATE_INFOPLIST_FILE = YES;
				INFOPLIST_FILE = homeWorkSpringAnimation/App/Info.plist;
				INFOPLIST_KEY_UIApplicationSupportsIndirectInputEvents = YES;
				INFOPLIST_KEY_UILaunchStoryboardName = LaunchScreen;
				INFOPLIST_KEY_UIMainStoryboardFile = Main;
				INFOPLIST_KEY_UISupportedInterfaceOrientations_iPad = "UIInterfaceOrientationPortrait UIInterfaceOrientationPortraitUpsideDown UIInterfaceOrientationLandscapeLeft UIInterfaceOrientationLandscapeRight";
				INFOPLIST_KEY_UISupportedInterfaceOrientations_iPhone = "UIInterfaceOrientationPortrait UIInterfaceOrientationLandscapeLeft UIInterfaceOrientationLandscapeRight";
				LD_RUNPATH_SEARCH_PATHS = (
					"$(inherited)",
					"@executable_path/Frameworks",
				);
				MARKETING_VERSION = 1.0;
				PRODUCT_BUNDLE_IDENTIFIER = openYourMind.homeWorkSpringAnimation;
				PRODUCT_NAME = "$(TARGET_NAME)";
				SWIFT_EMIT_LOC_STRINGS = YES;
				SWIFT_VERSION = 5.0;
				TARGETED_DEVICE_FAMILY = "1,2";
			};
			name = Release;
		};
/* End XCBuildConfiguration section */

/* Begin XCConfigurationList section */
		ED623A9A2A6E7FF7001D4CE9 /* Build configuration list for PBXProject "homeWorkSpringAnimation" */ = {
			isa = XCConfigurationList;
			buildConfigurations = (
				ED623AB12A6E7FF9001D4CE9 /* Debug */,
				ED623AB22A6E7FF9001D4CE9 /* Release */,
			);
			defaultConfigurationIsVisible = 0;
			defaultConfigurationName = Release;
		};
		ED623AB32A6E7FF9001D4CE9 /* Build configuration list for PBXNativeTarget "homeWorkSpringAnimation" */ = {
			isa = XCConfigurationList;
			buildConfigurations = (
				ED623AB42A6E7FF9001D4CE9 /* Debug */,
				ED623AB52A6E7FF9001D4CE9 /* Release */,
			);
			defaultConfigurationIsVisible = 0;
			defaultConfigurationName = Release;
		};
/* End XCConfigurationList section */

/* Begin XCRemoteSwiftPackageReference section */
		ED623ABA2A6E8558001D4CE9 /* XCRemoteSwiftPackageReference "SpringAnimation" */ = {
			isa = XCRemoteSwiftPackageReference;
			repositoryURL = "https://github.com/LexDeBash/SpringAnimation.git";
			requirement = {
				kind = upToNextMajorVersion;
				minimumVersion = 0.3.0;
			};
		};
/* End XCRemoteSwiftPackageReference section */

/* Begin XCSwiftPackageProductDependency section */
		ED623ABB2A6E8558001D4CE9 /* SpringAnimation */ = {
			isa = XCSwiftPackageProductDependency;
			package = ED623ABA2A6E8558001D4CE9 /* XCRemoteSwiftPackageReference "SpringAnimation" */;
			productName = SpringAnimation;
		};
/* End XCSwiftPackageProductDependency section */
	};
	rootObject = ED623A972A6E7FF7001D4CE9 /* Project object */;
}
